// !$*UTF8*$!
{
	archiveVersion = 1;
	classes = {
	};
	objectVersion = 50;
	objects = {

/* Begin PBXBuildFile section */
		5300F924220DFC9D00DA481A /* ReduceCarbonPreviewViewController.swift in Sources */ = {isa = PBXBuildFile; fileRef = 5300F923220DFC9D00DA481A /* ReduceCarbonPreviewViewController.swift */; };
		53212857220D66EC00558AE3 /* AppDelegate.swift in Sources */ = {isa = PBXBuildFile; fileRef = 53212856220D66EC00558AE3 /* AppDelegate.swift */; };
		53212859220D66EC00558AE3 /* FirstViewController.swift in Sources */ = {isa = PBXBuildFile; fileRef = 53212858220D66EC00558AE3 /* FirstViewController.swift */; };
		5321285B220D66EC00558AE3 /* SecondViewController.swift in Sources */ = {isa = PBXBuildFile; fileRef = 5321285A220D66EC00558AE3 /* SecondViewController.swift */; };
		5321285E220D66EC00558AE3 /* Main.storyboard in Resources */ = {isa = PBXBuildFile; fileRef = 5321285C220D66EC00558AE3 /* Main.storyboard */; };
		53212860220D66ED00558AE3 /* Assets.xcassets in Resources */ = {isa = PBXBuildFile; fileRef = 5321285F220D66ED00558AE3 /* Assets.xcassets */; };
		53212863220D66ED00558AE3 /* LaunchScreen.storyboard in Resources */ = {isa = PBXBuildFile; fileRef = 53212861220D66ED00558AE3 /* LaunchScreen.storyboard */; };
		5321286B220D6FDC00558AE3 /* GoogleService-Info.plist in Resources */ = {isa = PBXBuildFile; fileRef = 5321286A220D6FDC00558AE3 /* GoogleService-Info.plist */; };
		5370F97B220E083C00E9DABF /* GiveTakeMainViewController.swift in Sources */ = {isa = PBXBuildFile; fileRef = 5370F97A220E083C00E9DABF /* GiveTakeMainViewController.swift */; };
		6BA513477E15B67110EDE35C /* Pods_Redux.framework in Frameworks */ = {isa = PBXBuildFile; fileRef = 5930494E2EF7BCFFD87836CC /* Pods_Redux.framework */; };
/* End PBXBuildFile section */

/* Begin PBXFileReference section */
		1A8C1BAA0CF6480522668C4D /* Pods-Redux.debug.xcconfig */ = {isa = PBXFileReference; includeInIndex = 1; lastKnownFileType = text.xcconfig; name = "Pods-Redux.debug.xcconfig"; path = "Pods/Target Support Files/Pods-Redux/Pods-Redux.debug.xcconfig"; sourceTree = "<group>"; };
		2099B586A74D2D8B31AF836F /* Pods-Redux.release.xcconfig */ = {isa = PBXFileReference; includeInIndex = 1; lastKnownFileType = text.xcconfig; name = "Pods-Redux.release.xcconfig"; path = "Pods/Target Support Files/Pods-Redux/Pods-Redux.release.xcconfig"; sourceTree = "<group>"; };
		5300F923220DFC9D00DA481A /* ReduceCarbonPreviewViewController.swift */ = {isa = PBXFileReference; lastKnownFileType = sourcecode.swift; path = ReduceCarbonPreviewViewController.swift; sourceTree = "<group>"; };
		53212853220D66EC00558AE3 /* Redux.app */ = {isa = PBXFileReference; explicitFileType = wrapper.application; includeInIndex = 0; path = Redux.app; sourceTree = BUILT_PRODUCTS_DIR; };
		53212856220D66EC00558AE3 /* AppDelegate.swift */ = {isa = PBXFileReference; lastKnownFileType = sourcecode.swift; path = AppDelegate.swift; sourceTree = "<group>"; };
		53212858220D66EC00558AE3 /* FirstViewController.swift */ = {isa = PBXFileReference; lastKnownFileType = sourcecode.swift; path = FirstViewController.swift; sourceTree = "<group>"; };
		5321285A220D66EC00558AE3 /* SecondViewController.swift */ = {isa = PBXFileReference; lastKnownFileType = sourcecode.swift; path = SecondViewController.swift; sourceTree = "<group>"; };
		5321285D220D66EC00558AE3 /* Base */ = {isa = PBXFileReference; lastKnownFileType = file.storyboard; name = Base; path = Base.lproj/Main.storyboard; sourceTree = "<group>"; };
		5321285F220D66ED00558AE3 /* Assets.xcassets */ = {isa = PBXFileReference; lastKnownFileType = folder.assetcatalog; path = Assets.xcassets; sourceTree = "<group>"; };
		53212862220D66ED00558AE3 /* Base */ = {isa = PBXFileReference; lastKnownFileType = file.storyboard; name = Base; path = Base.lproj/LaunchScreen.storyboard; sourceTree = "<group>"; };
		53212864220D66ED00558AE3 /* Info.plist */ = {isa = PBXFileReference; lastKnownFileType = text.plist.xml; path = Info.plist; sourceTree = "<group>"; };
		5321286A220D6FDC00558AE3 /* GoogleService-Info.plist */ = {isa = PBXFileReference; fileEncoding = 4; lastKnownFileType = text.plist.xml; path = "GoogleService-Info.plist"; sourceTree = "<group>"; };
		5370F97A220E083C00E9DABF /* GiveTakeMainViewController.swift */ = {isa = PBXFileReference; lastKnownFileType = sourcecode.swift; path = GiveTakeMainViewController.swift; sourceTree = "<group>"; };
		5930494E2EF7BCFFD87836CC /* Pods_Redux.framework */ = {isa = PBXFileReference; explicitFileType = wrapper.framework; includeInIndex = 0; path = Pods_Redux.framework; sourceTree = BUILT_PRODUCTS_DIR; };
/* End PBXFileReference section */

/* Begin PBXFrameworksBuildPhase section */
		53212850220D66EC00558AE3 /* Frameworks */ = {
			isa = PBXFrameworksBuildPhase;
			buildActionMask = 2147483647;
			files = (
				6BA513477E15B67110EDE35C /* Pods_Redux.framework in Frameworks */,
			);
			runOnlyForDeploymentPostprocessing = 0;
		};
/* End PBXFrameworksBuildPhase section */

/* Begin PBXGroup section */
		2A82E9A441F275481E154217 /* Pods */ = {
			isa = PBXGroup;
			children = (
				1A8C1BAA0CF6480522668C4D /* Pods-Redux.debug.xcconfig */,
				2099B586A74D2D8B31AF836F /* Pods-Redux.release.xcconfig */,
			);
			name = Pods;
			sourceTree = "<group>";
		};
		5321284A220D66EC00558AE3 = {
			isa = PBXGroup;
			children = (
				53212855220D66EC00558AE3 /* Redux */,
				53212854220D66EC00558AE3 /* Products */,
				2A82E9A441F275481E154217 /* Pods */,
				A40AF62D254C962E5879A041 /* Frameworks */,
			);
			sourceTree = "<group>";
		};
		53212854220D66EC00558AE3 /* Products */ = {
			isa = PBXGroup;
			children = (
				53212853220D66EC00558AE3 /* Redux.app */,
			);
			name = Products;
			sourceTree = "<group>";
		};
		53212855220D66EC00558AE3 /* Redux */ = {
			isa = PBXGroup;
			children = (
				53212856220D66EC00558AE3 /* AppDelegate.swift */,
				53212858220D66EC00558AE3 /* FirstViewController.swift */,
				5321285A220D66EC00558AE3 /* SecondViewController.swift */,
				5321285C220D66EC00558AE3 /* Main.storyboard */,
				5321285F220D66ED00558AE3 /* Assets.xcassets */,
				53212861220D66ED00558AE3 /* LaunchScreen.storyboard */,
				53212864220D66ED00558AE3 /* Info.plist */,
				5321286A220D6FDC00558AE3 /* GoogleService-Info.plist */,
				5300F923220DFC9D00DA481A /* ReduceCarbonPreviewViewController.swift */,
				5370F97A220E083C00E9DABF /* GiveTakeMainViewController.swift */,
			);
			path = Redux;
			sourceTree = "<group>";
		};
		A40AF62D254C962E5879A041 /* Frameworks */ = {
			isa = PBXGroup;
			children = (
				5930494E2EF7BCFFD87836CC /* Pods_Redux.framework */,
			);
			name = Frameworks;
			sourceTree = "<group>";
		};
/* End PBXGroup section */

/* Begin PBXNativeTarget section */
		53212852220D66EC00558AE3 /* Redux */ = {
			isa = PBXNativeTarget;
			buildConfigurationList = 53212867220D66ED00558AE3 /* Build configuration list for PBXNativeTarget "Redux" */;
			buildPhases = (
				13BBDE09539B16A884D49823 /* [CP] Check Pods Manifest.lock */,
				5321284F220D66EC00558AE3 /* Sources */,
				53212850220D66EC00558AE3 /* Frameworks */,
				53212851220D66EC00558AE3 /* Resources */,
				77C397076CA3BFEAE57E9F67 /* [CP] Embed Pods Frameworks */,
			);
			buildRules = (
			);
			dependencies = (
			);
			name = Redux;
			productName = Redux;
			productReference = 53212853220D66EC00558AE3 /* Redux.app */;
			productType = "com.apple.product-type.application";
		};
/* End PBXNativeTarget section */

/* Begin PBXProject section */
		5321284B220D66EC00558AE3 /* Project object */ = {
			isa = PBXProject;
			attributes = {
				LastSwiftUpdateCheck = 1010;
				LastUpgradeCheck = 1010;
				ORGANIZATIONNAME = "yugantar jain";
				TargetAttributes = {
					53212852220D66EC00558AE3 = {
						CreatedOnToolsVersion = 10.1;
					};
				};
			};
			buildConfigurationList = 5321284E220D66EC00558AE3 /* Build configuration list for PBXProject "Redux" */;
			compatibilityVersion = "Xcode 9.3";
			developmentRegion = en;
			hasScannedForEncodings = 0;
			knownRegions = (
				en,
				Base,
			);
			mainGroup = 5321284A220D66EC00558AE3;
			productRefGroup = 53212854220D66EC00558AE3 /* Products */;
			projectDirPath = "";
			projectRoot = "";
			targets = (
				53212852220D66EC00558AE3 /* Redux */,
			);
		};
/* End PBXProject section */

/* Begin PBXResourcesBuildPhase section */
		53212851220D66EC00558AE3 /* Resources */ = {
			isa = PBXResourcesBuildPhase;
			buildActionMask = 2147483647;
			files = (
				53212863220D66ED00558AE3 /* LaunchScreen.storyboard in Resources */,
				5321286B220D6FDC00558AE3 /* GoogleService-Info.plist in Resources */,
				53212860220D66ED00558AE3 /* Assets.xcassets in Resources */,
				5321285E220D66EC00558AE3 /* Main.storyboard in Resources */,
			);
			runOnlyForDeploymentPostprocessing = 0;
		};
/* End PBXResourcesBuildPhase section */

/* Begin PBXShellScriptBuildPhase section */
		13BBDE09539B16A884D49823 /* [CP] Check Pods Manifest.lock */ = {
			isa = PBXShellScriptBuildPhase;
			buildActionMask = 2147483647;
			files = (
			);
			inputPaths = (
				"${PODS_PODFILE_DIR_PATH}/Podfile.lock",
				"${PODS_ROOT}/Manifest.lock",
			);
			name = "[CP] Check Pods Manifest.lock";
			outputPaths = (
				"$(DERIVED_FILE_DIR)/Pods-Redux-checkManifestLockResult.txt",
			);
			runOnlyForDeploymentPostprocessing = 0;
			shellPath = /bin/sh;
			shellScript = "diff \"${PODS_PODFILE_DIR_PATH}/Podfile.lock\" \"${PODS_ROOT}/Manifest.lock\" > /dev/null\nif [ $? != 0 ] ; then\n    # print error to STDERR\n    echo \"error: The sandbox is not in sync with the Podfile.lock. Run 'pod install' or update your CocoaPods installation.\" >&2\n    exit 1\nfi\n# This output is used by Xcode 'outputs' to avoid re-running this script phase.\necho \"SUCCESS\" > \"${SCRIPT_OUTPUT_FILE_0}\"\n";
			showEnvVarsInLog = 0;
		};
		77C397076CA3BFEAE57E9F67 /* [CP] Embed Pods Frameworks */ = {
			isa = PBXShellScriptBuildPhase;
			buildActionMask = 2147483647;
			files = (
			);
			inputPaths = (
				"${SRCROOT}/Pods/Target Support Files/Pods-Redux/Pods-Redux-frameworks.sh",
				"${BUILT_PRODUCTS_DIR}/BoringSSL/openssl.framework",
				"${BUILT_PRODUCTS_DIR}/GoogleUtilities/GoogleUtilities.framework",
				"${BUILT_PRODUCTS_DIR}/Protobuf/Protobuf.framework",
				"${BUILT_PRODUCTS_DIR}/gRPC/GRPCClient.framework",
				"${BUILT_PRODUCTS_DIR}/gRPC-C++/grpcpp.framework",
				"${BUILT_PRODUCTS_DIR}/gRPC-Core/grpc.framework",
				"${BUILT_PRODUCTS_DIR}/gRPC-ProtoRPC/ProtoRPC.framework",
				"${BUILT_PRODUCTS_DIR}/gRPC-RxLibrary/RxLibrary.framework",
				"${BUILT_PRODUCTS_DIR}/leveldb-library/leveldb.framework",
				"${BUILT_PRODUCTS_DIR}/nanopb/nanopb.framework",
			);
			name = "[CP] Embed Pods Frameworks";
			outputPaths = (
				"${TARGET_BUILD_DIR}/${FRAMEWORKS_FOLDER_PATH}/openssl.framework",
				"${TARGET_BUILD_DIR}/${FRAMEWORKS_FOLDER_PATH}/GoogleUtilities.framework",
				"${TARGET_BUILD_DIR}/${FRAMEWORKS_FOLDER_PATH}/Protobuf.framework",
				"${TARGET_BUILD_DIR}/${FRAMEWORKS_FOLDER_PATH}/GRPCClient.framework",
				"${TARGET_BUILD_DIR}/${FRAMEWORKS_FOLDER_PATH}/grpcpp.framework",
				"${TARGET_BUILD_DIR}/${FRAMEWORKS_FOLDER_PATH}/grpc.framework",
				"${TARGET_BUILD_DIR}/${FRAMEWORKS_FOLDER_PATH}/ProtoRPC.framework",
				"${TARGET_BUILD_DIR}/${FRAMEWORKS_FOLDER_PATH}/RxLibrary.framework",
				"${TARGET_BUILD_DIR}/${FRAMEWORKS_FOLDER_PATH}/leveldb.framework",
				"${TARGET_BUILD_DIR}/${FRAMEWORKS_FOLDER_PATH}/nanopb.framework",
			);
			runOnlyForDeploymentPostprocessing = 0;
			shellPath = /bin/sh;
			shellScript = "\"${SRCROOT}/Pods/Target Support Files/Pods-Redux/Pods-Redux-frameworks.sh\"\n";
			showEnvVarsInLog = 0;
		};
/* End PBXShellScriptBuildPhase section */

/* Begin PBXSourcesBuildPhase section */
		5321284F220D66EC00558AE3 /* Sources */ = {
			isa = PBXSourcesBuildPhase;
			buildActionMask = 2147483647;
			files = (
				5370F97B220E083C00E9DABF /* GiveTakeMainViewController.swift in Sources */,
				5300F924220DFC9D00DA481A /* ReduceCarbonPreviewViewController.swift in Sources */,
				5321285B220D66EC00558AE3 /* SecondViewController.swift in Sources */,
				53212857220D66EC00558AE3 /* AppDelegate.swift in Sources */,
				53212859220D66EC00558AE3 /* FirstViewController.swift in Sources */,
			);
			runOnlyForDeploymentPostprocessing = 0;
		};
/* End PBXSourcesBuildPhase section */

/* Begin PBXVariantGroup section */
		5321285C220D66EC00558AE3 /* Main.storyboard */ = {
			isa = PBXVariantGroup;
			children = (
				5321285D220D66EC00558AE3 /* Base */,
			);
			name = Main.storyboard;
			sourceTree = "<group>";
		};
		53212861220D66ED00558AE3 /* LaunchScreen.storyboard */ = {
			isa = PBXVariantGroup;
			children = (
				53212862220D66ED00558AE3 /* Base */,
			);
			name = LaunchScreen.storyboard;
			sourceTree = "<group>";
		};
/* End PBXVariantGroup section */

/* Begin XCBuildConfiguration section */
		53212865220D66ED00558AE3 /* Debug */ = {
			isa = XCBuildConfiguration;
			buildSettings = {
				ALWAYS_SEARCH_USER_PATHS = NO;
				CLANG_ANALYZER_NONNULL = YES;
				CLANG_ANALYZER_NUMBER_OBJECT_CONVERSION = YES_AGGRESSIVE;
				CLANG_CXX_LANGUAGE_STANDARD = "gnu++14";
				CLANG_CXX_LIBRARY = "libc++";
				CLANG_ENABLE_MODULES = YES;
				CLANG_ENABLE_OBJC_ARC = YES;
				CLANG_ENABLE_OBJC_WEAK = YES;
				CLANG_WARN_BLOCK_CAPTURE_AUTORELEASING = YES;
				CLANG_WARN_BOOL_CONVERSION = YES;
				CLANG_WARN_COMMA = YES;
				CLANG_WARN_CONSTANT_CONVERSION = YES;
				CLANG_WARN_DEPRECATED_OBJC_IMPLEMENTATIONS = YES;
				CLANG_WARN_DIRECT_OBJC_ISA_USAGE = YES_ERROR;
				CLANG_WARN_DOCUMENTATION_COMMENTS = YES;
				CLANG_WARN_EMPTY_BODY = YES;
				CLANG_WARN_ENUM_CONVERSION = YES;
				CLANG_WARN_INFINITE_RECURSION = YES;
				CLANG_WARN_INT_CONVERSION = YES;
				CLANG_WARN_NON_LITERAL_NULL_CONVERSION = YES;
				CLANG_WARN_OBJC_IMPLICIT_RETAIN_SELF = YES;
				CLANG_WARN_OBJC_LITERAL_CONVERSION = YES;
				CLANG_WARN_OBJC_ROOT_CLASS = YES_ERROR;
				CLANG_WARN_RANGE_LOOP_ANALYSIS = YES;
				CLANG_WARN_STRICT_PROTOTYPES = YES;
				CLANG_WARN_SUSPICIOUS_MOVE = YES;
				CLANG_WARN_UNGUARDED_AVAILABILITY = YES_AGGRESSIVE;
				CLANG_WARN_UNREACHABLE_CODE = YES;
				CLANG_WARN__DUPLICATE_METHOD_MATCH = YES;
				CODE_SIGN_IDENTITY = "iPhone Developer";
				COPY_PHASE_STRIP = NO;
				DEBUG_INFORMATION_FORMAT = dwarf;
				ENABLE_STRICT_OBJC_MSGSEND = YES;
				ENABLE_TESTABILITY = YES;
				GCC_C_LANGUAGE_STANDARD = gnu11;
				GCC_DYNAMIC_NO_PIC = NO;
				GCC_NO_COMMON_BLOCKS = YES;
				GCC_OPTIMIZATION_LEVEL = 0;
				GCC_PREPROCESSOR_DEFINITIONS = (
					"DEBUG=1",
					"$(inherited)",
				);
				GCC_WARN_64_TO_32_BIT_CONVERSION = YES;
				GCC_WARN_ABOUT_RETURN_TYPE = YES_ERROR;
				GCC_WARN_UNDECLARED_SELECTOR = YES;
				GCC_WARN_UNINITIALIZED_AUTOS = YES_AGGRESSIVE;
				GCC_WARN_UNUSED_FUNCTION = YES;
				GCC_WARN_UNUSED_VARIABLE = YES;
				IPHONEOS_DEPLOYMENT_TARGET = 12.1;
				MTL_ENABLE_DEBUG_INFO = INCLUDE_SOURCE;
				MTL_FAST_MATH = YES;
				ONLY_ACTIVE_ARCH = YES;
				SDKROOT = iphoneos;
				SWIFT_ACTIVE_COMPILATION_CONDITIONS = DEBUG;
				SWIFT_OPTIMIZATION_LEVEL = "-Onone";
			};
			name = Debug;
		};
		53212866220D66ED00558AE3 /* Release */ = {
			isa = XCBuildConfiguration;
			buildSettings = {
				ALWAYS_SEARCH_USER_PATHS = NO;
				CLANG_ANALYZER_NONNULL = YES;
				CLANG_ANALYZER_NUMBER_OBJECT_CONVERSION = YES_AGGRESSIVE;
				CLANG_CXX_LANGUAGE_STANDARD = "gnu++14";
				CLANG_CXX_LIBRARY = "libc++";
				CLANG_ENABLE_MODULES = YES;
				CLANG_ENABLE_OBJC_ARC = YES;
				CLANG_ENABLE_OBJC_WEAK = YES;
				CLANG_WARN_BLOCK_CAPTURE_AUTORELEASING = YES;
				CLANG_WARN_BOOL_CONVERSION = YES;
				CLANG_WARN_COMMA = YES;
				CLANG_WARN_CONSTANT_CONVERSION = YES;
				CLANG_WARN_DEPRECATED_OBJC_IMPLEMENTATIONS = YES;
				CLANG_WARN_DIRECT_OBJC_ISA_USAGE = YES_ERROR;
				CLANG_WARN_DOCUMENTATION_COMMENTS = YES;
				CLANG_WARN_EMPTY_BODY = YES;
				CLANG_WARN_ENUM_CONVERSION = YES;
				CLANG_WARN_INFINITE_RECURSION = YES;
				CLANG_WARN_INT_CONVERSION = YES;
				CLANG_WARN_NON_LITERAL_NULL_CONVERSION = YES;
				CLANG_WARN_OBJC_IMPLICIT_RETAIN_SELF = YES;
				CLANG_WARN_OBJC_LITERAL_CONVERSION = YES;
				CLANG_WARN_OBJC_ROOT_CLASS = YES_ERROR;
				CLANG_WARN_RANGE_LOOP_ANALYSIS = YES;
				CLANG_WARN_STRICT_PROTOTYPES = YES;
				CLANG_WARN_SUSPICIOUS_MOVE = YES;
				CLANG_WARN_UNGUARDED_AVAILABILITY = YES_AGGRESSIVE;
				CLANG_WARN_UNREACHABLE_CODE = YES;
				CLANG_WARN__DUPLICATE_METHOD_MATCH = YES;
				CODE_SIGN_IDENTITY = "iPhone Developer";
				COPY_PHASE_STRIP = NO;
				DEBUG_INFORMATION_FORMAT = "dwarf-with-dsym";
				ENABLE_NS_ASSERTIONS = NO;
				ENABLE_STRICT_OBJC_MSGSEND = YES;
				GCC_C_LANGUAGE_STANDARD = gnu11;
				GCC_NO_COMMON_BLOCKS = YES;
				GCC_WARN_64_TO_32_BIT_CONVERSION = YES;
				GCC_WARN_ABOUT_RETURN_TYPE = YES_ERROR;
				GCC_WARN_UNDECLARED_SELECTOR = YES;
				GCC_WARN_UNINITIALIZED_AUTOS = YES_AGGRESSIVE;
				GCC_WARN_UNUSED_FUNCTION = YES;
				GCC_WARN_UNUSED_VARIABLE = YES;
				IPHONEOS_DEPLOYMENT_TARGET = 12.1;
				MTL_ENABLE_DEBUG_INFO = NO;
				MTL_FAST_MATH = YES;
				SDKROOT = iphoneos;
				SWIFT_COMPILATION_MODE = wholemodule;
				SWIFT_OPTIMIZATION_LEVEL = "-O";
				VALIDATE_PRODUCT = YES;
			};
			name = Release;
		};
		53212868220D66ED00558AE3 /* Debug */ = {
			isa = XCBuildConfiguration;
			baseConfigurationReference = 1A8C1BAA0CF6480522668C4D /* Pods-Redux.debug.xcconfig */;
			buildSettings = {
				ASSETCATALOG_COMPILER_APPICON_NAME = AppIcon;
				CODE_SIGN_STYLE = Automatic;
				DEVELOPMENT_TEAM = ZCF7ZR4CVF;
				INFOPLIST_FILE = Redux/Info.plist;
				LD_RUNPATH_SEARCH_PATHS = (
					"$(inherited)",
					"@executable_path/Frameworks",
				);
				PRODUCT_BUNDLE_IDENTIFIER = com.example.Redux;
				PRODUCT_NAME = "$(TARGET_NAME)";
				SWIFT_VERSION = 4.2;
				TARGETED_DEVICE_FAMILY = "1,2";
			};
			name = Debug;
		};
		53212869220D66ED00558AE3 /* Release */ = {
			isa = XCBuildConfiguration;
			baseConfigurationReference = 2099B586A74D2D8B31AF836F /* Pods-Redux.release.xcconfig */;
			buildSettings = {
				ASSETCATALOG_COMPILER_APPICON_NAME = AppIcon;
				CODE_SIGN_STYLE = Automatic;
				DEVELOPMENT_TEAM = ZCF7ZR4CVF;
				INFOPLIST_FILE = Redux/Info.plist;
				LD_RUNPATH_SEARCH_PATHS = (
					"$(inherited)",
					"@executable_path/Frameworks",
				);
				PRODUCT_BUNDLE_IDENTIFIER = com.example.Redux;
				PRODUCT_NAME = "$(TARGET_NAME)";
				SWIFT_VERSION = 4.2;
				TARGETED_DEVICE_FAMILY = "1,2";
			};
			name = Release;
		};
/* End XCBuildConfiguration section */

/* Begin XCConfigurationList section */
		5321284E220D66EC00558AE3 /* Build configuration list for PBXProject "Redux" */ = {
			isa = XCConfigurationList;
			buildConfigurations = (
				53212865220D66ED00558AE3 /* Debug */,
				53212866220D66ED00558AE3 /* Release */,
			);
			defaultConfigurationIsVisible = 0;
			defaultConfigurationName = Release;
		};
		53212867220D66ED00558AE3 /* Build configuration list for PBXNativeTarget "Redux" */ = {
			isa = XCConfigurationList;
			buildConfigurations = (
				53212868220D66ED00558AE3 /* Debug */,
				53212869220D66ED00558AE3 /* Release */,
			);
			defaultConfigurationIsVisible = 0;
			defaultConfigurationName = Release;
		};
/* End XCConfigurationList section */
	};
	rootObject = 5321284B220D66EC00558AE3 /* Project object */;
}
